<Solution>
  <Configurations>
    <Platform Name="Any CPU" />
    <Platform Name="x64" />
    <Platform Name="x86" />
  </Configurations>
  <Folder Name="/src/">
    <Project Path="src/AIGuiders.Platform.Cockpit.Cds/AIGuiders.Platform.Cockpit.Cds.csproj" />
    <Project Path="src/AIGuiders.Platform.Cockpit.Channels/AIGuiders.Platform.Cockpit.Channels.csproj" />
    <Project Path="src/AIGuiders.Platform.Cockpit.Composition/AIGuiders.Platform.Cockpit.Composition.csproj" />
    <Project Path="src/AIGuiders.Platform.Configurations.Workspace/AIGuiders.Platform.Configurations.Workspace.csproj" />
    <Project Path="src/AIGuiders.Platform.Configurations.Workspace.Sources/AIGuiders.Platform.Configurations.Workspace.Sources.csproj" />
    <Project Path="src/AIGuiders.Platform.Configurations.Project/AIGuiders.Platform.Configurations.Project.csproj" />
    <Project Path="src/AIGuiders.Platform.Configurations.Project.Sources/AIGuiders.Platform.Configurations.Project.Sources.csproj" />
    <Project Path="src/AIGuiders.Platform.Combinations/AIGuiders.Platform.Combinations.csproj" />
    <Project Path="src/AIGuiders.Platform.Combinations.All/AIGuiders.Platform.Combinations.All.csproj" />
    <Project Path="src/AIGuiders.Platform.Combinations.Binding/AIGuiders.Platform.Combinations.Binding.csproj" />
    <Project Path="src/AIGuiders.Platform.Combinations.Overlay/AIGuiders.Platform.Combinations.Overlay.csproj" />
    <Project Path="src/AIGuiders.Platform.Combinations.Catalog/AIGuiders.Platform.Combinations.Catalog.csproj" />
    <Project Path="src/AIGuiders.Platform.Combinations.Sources/AIGuiders.Platform.Combinations.Sources.csproj" />
    <Project Path="src/AIGuiders.Platform.Combinations.Workspace/AIGuiders.Platform.Combinations.Workspace.csproj" />
    <Project Path="src/AIGuiders.Platform.CommandPlane.Binding.Sources.Database/AIGuiders.Platform.CommandPlane.Binding.Sources.Database.csproj" />
    <Project Path="src/AIGuiders.Platform.CommandPlane.Binding.Sources.File/AIGuiders.Platform.CommandPlane.Binding.Sources.File.csproj" />
    <Project Path="src/AIGuiders.Platform.CommandPlane.Binding.Sources.Json/AIGuiders.Platform.CommandPlane.Binding.Sources.Json.csproj" />
    <Project Path="src/AIGuiders.Platform.CommandPlane.Binding.Sources.Toml/AIGuiders.Platform.CommandPlane.Binding.Sources.Toml.csproj" />
    <Project Path="src/AIGuiders.Platform.CommandPlane.Binding.Sources/AIGuiders.Platform.CommandPlane.Binding.Sources.csproj" />
    <Project Path="src/AIGuiders.Platform.CommandPlane.Binding/AIGuiders.Platform.CommandPlane.Binding.csproj" />
    <Project Path="src/AIGuiders.Platform.CommandPlane.Constructors/AIGuiders.Platform.CommandPlane.Constructors.csproj" />
    <Project Path="src/AIGuiders.Platform.CommandPlane.PrefixArmed/AIGuiders.Platform.CommandPlane.PrefixArmed.csproj" />
    <Project Path="src/AIGuiders.Platform.CommandPlane.PrefixArmed.Locale/AIGuiders.Platform.CommandPlane.PrefixArmed.Locale.csproj" />
    <Project Path="src/AIGuiders.Platform.CommandPlane.Melody/AIGuiders.Platform.CommandPlane.Melody.csproj" />
    <Project Path="src/AIGuiders.Platform.CommandPlane.Slash/AIGuiders.Platform.CommandPlane.Slash.csproj" />
    <Project Path="src/AIGuiders.Platform.CommandPlane.Catalog.Sources.Database/AIGuiders.Platform.CommandPlane.Catalog.Sources.Database.csproj" />
    <Project Path="src/AIGuiders.Platform.CommandPlane.Catalog.Sources.File/AIGuiders.Platform.CommandPlane.Catalog.Sources.File.csproj" />
    <Project Path="src/AIGuiders.Platform.CommandPlane.Catalog.Sources.Json/AIGuiders.Platform.CommandPlane.Catalog.Sources.Json.csproj" />
    <Project Path="src/AIGuiders.Platform.CommandPlane.Catalog.Sources.Toml/AIGuiders.Platform.CommandPlane.Catalog.Sources.Toml.csproj" />
    <Project Path="src/AIGuiders.Platform.CommandPlane.Catalog.Sources.Xml/AIGuiders.Platform.CommandPlane.Catalog.Sources.Xml.csproj" />
    <Project Path="src/AIGuiders.Platform.CommandPlane.Catalog.Sources/AIGuiders.Platform.CommandPlane.Catalog.Sources.csproj" />
    <Project Path="src/AIGuiders.Platform.IntermediateRepresentation.Argument/AIGuiders.Platform.IntermediateRepresentation.Argument.csproj" />
    <Project Path="src/AIGuiders.Platform.IntermediateRepresentation.Binding/AIGuiders.Platform.IntermediateRepresentation.Binding.csproj" />
    <Project Path="src/AIGuiders.Platform.IntermediateRepresentation.Bracket/AIGuiders.Platform.IntermediateRepresentation.Bracket.csproj" />
    <Project Path="src/AIGuiders.Platform.IntermediateRepresentation.Command/AIGuiders.Platform.IntermediateRepresentation.Command.csproj" />
    <Project Path="src/AIGuiders.Platform.IntermediateRepresentation.Invocation/AIGuiders.Platform.IntermediateRepresentation.Invocation.csproj" />
    <Project Path="src/AIGuiders.Platform.IntermediateRepresentation.Keyboard/AIGuiders.Platform.IntermediateRepresentation.Keyboard.csproj" />
    <Project Path="src/AIGuiders.Platform.IntermediateRepresentation.Melody/AIGuiders.Platform.IntermediateRepresentation.Melody.csproj" />
    <Project Path="src/AIGuiders.Platform.IntermediateRepresentation.Agent/AIGuiders.Platform.IntermediateRepresentation.Agent.csproj" />
    <Project Path="src/AIGuiders.Platform.IntermediateRepresentation.Language/AIGuiders.Platform.IntermediateRepresentation.Language.csproj" />
    <Project Path="src/AIGuiders.Platform.Catalog/AIGuiders.Platform.Catalog.csproj" />
    <Project Path="src/AIGuiders.Platform.Authoring.Core/AIGuiders.Platform.Authoring.Core.csproj" />
    <Project Path="src/AIGuiders.Platform.Authoring.Command.Catalog/AIGuiders.Platform.Authoring.Command.Catalog.csproj" />
    <Project Path="src/AIGuiders.Platform.Authoring.Deck/AIGuiders.Platform.Authoring.Deck.csproj" />
    <Project Path="src/AIGuiders.Platform.Authoring.Command.Bundles/AIGuiders.Platform.Authoring.Command.Bundles.csproj" />
    <Project Path="src/AIGuiders.Platform.Authoring.Conformance/AIGuiders.Platform.Authoring.Conformance.csproj" />
    <Project Path="src/AIGuiders.Platform.CommandPlane.Catalog.CodeGen/AIGuiders.Platform.CommandPlane.Catalog.CodeGen.csproj" />
    <Project Path="src/AIGuiders.Platform.CommandPlane.Catalog/AIGuiders.Platform.CommandPlane.Catalog.csproj" />
    <Project Path="src/AIGuiders.Platform.CommandPlane.ArgSuggestions/AIGuiders.Platform.CommandPlane.ArgSuggestions.csproj" />
    <Project Path="src/AIGuiders.Platform.CommandPlane/AIGuiders.Platform.CommandPlane.csproj" />
    <Project Path="src/AIGuiders.Platform.Conformance.Schemas/AIGuiders.Platform.Conformance.Schemas.csproj" />
    <Project Path="src/AIGuiders.Platform.Conformance.Policies/AIGuiders.Platform.Conformance.Policies.csproj" />
    <Project Path="src/AIGuiders.Platform.Conformance.Navigation/AIGuiders.Platform.Conformance.Navigation.csproj" />
    <Project Path="src/AIGuiders.Platform.Navigation/AIGuiders.Platform.Navigation.csproj" />
    <Project Path="src/AIGuiders.Platform.Navigation.Policy/AIGuiders.Platform.Navigation.Policy.csproj" />
    <Project Path="src/AIGuiders.Platform.Navigation.Code/AIGuiders.Platform.Navigation.Code.csproj" />
    <Project Path="src/AIGuiders.Platform.Documentation.Anchors/AIGuiders.Platform.Documentation.Anchors.csproj" />
    <Project Path="src/AIGuiders.Platform.Documentation.Correspondence.Core/AIGuiders.Platform.Documentation.Correspondence.Core.csproj" />
    <Project Path="src/AIGuiders.Platform.Documentation.Correspondence.Resolve/AIGuiders.Platform.Documentation.Correspondence.Resolve.csproj" />
    <Project Path="src/AIGuiders.Platform.Documentation.Correspondence.Reverse/AIGuiders.Platform.Documentation.Correspondence.Reverse.csproj" />
    <Project Path="src/AIGuiders.Platform.Documentation.Correspondence.Workspace/AIGuiders.Platform.Documentation.Correspondence.Workspace.csproj" />
    <Project Path="src/AIGuiders.Platform.Documentation.LinkCheck/AIGuiders.Platform.Documentation.LinkCheck.csproj" />
    <Project Path="src/AIGuiders.Platform.Documentation.LinkMutate/AIGuiders.Platform.Documentation.LinkMutate.csproj" />
    <Project Path="src/AIGuiders.Platform.Documentation.Reports/AIGuiders.Platform.Documentation.Reports.csproj" />
    <Project Path="src/AIGuiders.Platform.InputNotation.All/AIGuiders.Platform.InputNotation.All.csproj" />
    <Project Path="src/AIGuiders.Platform.InputNotation.Emacs/AIGuiders.Platform.InputNotation.Emacs.csproj" />
    <Project Path="src/AIGuiders.Platform.InputNotation.KeyGesture/AIGuiders.Platform.InputNotation.KeyGesture.csproj" />
    <Project Path="src/AIGuiders.Platform.InputNotation.Neovim/AIGuiders.Platform.InputNotation.Neovim.csproj" />
    <Project Path="src/AIGuiders.Platform.InputNotation.Quarry/AIGuiders.Platform.InputNotation.Quarry.csproj" />
    <Project Path="src/AIGuiders.Platform.InputNotation.Vim/AIGuiders.Platform.InputNotation.Vim.csproj" />
    <Project Path="src/AIGuiders.Platform.InputNotation/AIGuiders.Platform.InputNotation.csproj" />
    <Project Path="src/AIGuiders.Platform.Language.CSharp.Anchors/AIGuiders.Platform.Language.CSharp.Anchors.csproj" />
    <Project Path="src/AIGuiders.Platform.Language.Xml.Anchors/AIGuiders.Platform.Language.Xml.Anchors.csproj" />
    <Project Path="src/AIGuiders.Platform.Language.CSharp.Symbols/AIGuiders.Platform.Language.CSharp.Symbols.csproj" />
    <Project Path="src/AIGuiders.Platform.LanguageIntelligence.Anchors/AIGuiders.Platform.LanguageIntelligence.Anchors.csproj" />
    <Project Path="src/AIGuiders.Platform.LanguageIntelligence/AIGuiders.Platform.LanguageIntelligence.csproj" />
    <Project Path="src/AIGuiders.Platform.MCPlane/AIGuiders.Platform.MCPlane.csproj" />
    <Project Path="src/AIGuiders.Platform.Notations.Argument.All/AIGuiders.Platform.Notations.Argument.All.csproj" />
    <Project Path="src/AIGuiders.Platform.Notations.Argument.Cli/AIGuiders.Platform.Notations.Argument.Cli.csproj" />
    <Project Path="src/AIGuiders.Platform.Notations.Argument.Delimited/AIGuiders.Platform.Notations.Argument.Delimited.csproj" />
    <Project Path="src/AIGuiders.Platform.Notations.Argument.Kv/AIGuiders.Platform.Notations.Argument.Kv.csproj" />
    <Project Path="src/AIGuiders.Platform.Notations.Argument.Positional/AIGuiders.Platform.Notations.Argument.Positional.csproj" />
    <Project Path="src/AIGuiders.Platform.Notations.Bracket/AIGuiders.Platform.Notations.Bracket.csproj" />
    <Project Path="src/AIGuiders.Platform.Notations.Command.All/AIGuiders.Platform.Notations.Command.All.csproj" />
    <Project Path="src/AIGuiders.Platform.Notations.Command.Console/AIGuiders.Platform.Notations.Command.Console.csproj" />
    <Project Path="src/AIGuiders.Platform.Notations.Command.Slash/AIGuiders.Platform.Notations.Command.Slash.csproj" />
    <Project Path="src/AIGuiders.Platform.Notations.Command/AIGuiders.Platform.Notations.Command.csproj" />
    <Project Path="src/AIGuiders.Platform.Notations.Keyboard.All/AIGuiders.Platform.Notations.Keyboard.All.csproj" />
    <Project Path="src/AIGuiders.Platform.Notations.Keyboard.Emacs/AIGuiders.Platform.Notations.Keyboard.Emacs.csproj" />
    <Project Path="src/AIGuiders.Platform.Notations.Keyboard.KeyGesture/AIGuiders.Platform.Notations.Keyboard.KeyGesture.csproj" />
    <Project Path="src/AIGuiders.Platform.Notations.Keyboard.Neovim/AIGuiders.Platform.Notations.Keyboard.Neovim.csproj" />
    <Project Path="src/AIGuiders.Platform.Notations.Keyboard.Quarry/AIGuiders.Platform.Notations.Keyboard.Quarry.csproj" />
    <Project Path="src/AIGuiders.Platform.Notations.Keyboard.Vim/AIGuiders.Platform.Notations.Keyboard.Vim.csproj" />
    <Project Path="src/AIGuiders.Platform.Notations.Keyboard/AIGuiders.Platform.Notations.Keyboard.csproj" />
    <Project Path="src/AIGuiders.Platform.Notations/AIGuiders.Platform.Notations.csproj" />
    <Project Path="src/AIGuiders.Platform.Paths/AIGuiders.Platform.Paths.csproj" />
    <Project Path="src/AIGuiders.Platform.Sources/AIGuiders.Platform.Sources.csproj" />
    <Project Path="src/AIGuiders.Platform.Sources.File/AIGuiders.Platform.Sources.File.csproj" />
    <Project Path="src/AIGuiders.Platform.Sources.Toml/AIGuiders.Platform.Sources.Toml.csproj" />
    <Project Path="src/AIGuiders.Platform.Utilities.Adoption.Reports.Markdown/AIGuiders.Platform.Utilities.Adoption.Reports.Markdown.csproj" />
    <Project Path="src/AIGuiders.Platform.Utilities.Adoption.Sources/AIGuiders.Platform.Utilities.Adoption.Sources.csproj" />
    <Project Path="src/AIGuiders.Platform.Utilities.Adoption/AIGuiders.Platform.Utilities.Adoption.csproj" />
  </Folder>
  <Folder Name="/tools/">
    <Project Path="tools/AdoptionReport/AdoptionReport.csproj" />
    <Project Path="tools/MdLinker/MdLinker.csproj" />
    <Project Path="tools/NotationGlossaryReport/NotationGlossaryReport.csproj" />
    <Project Path="tools/QuarryOracle/QuarryOracle.csproj" />
    <Project Path="tools/ContractOracle/ContractOracle.csproj" />
    <Project Path="tools/CombinationsProof/CombinationsProof.csproj" />
    <Project Path="tools/NavigationOracle/NavigationOracle.csproj" />
  </Folder>
  <Project Path="src/AIGuiders.Platform.Abstractions/AIGuiders.Platform.Abstractions.csproj" />
  <Project Path="src/AIGuiders.Platform.Cockpit.Abstractions/AIGuiders.Platform.Cockpit.Abstractions.csproj" />
  <Project Path="src/AIGuiders.Platform.Cockpit.DataBus/AIGuiders.Platform.Cockpit.DataBus.csproj" />
  <Project Path="src/AIGuiders.Platform.Cockpit.Ids/AIGuiders.Platform.Cockpit.Ids.csproj" />
  <Project Path="src/AIGuiders.Platform.Cockpit.Transport/AIGuiders.Platform.Cockpit.Transport.csproj" />
  <Project Path="src/AIGuiders.Platform.Routing/AIGuiders.Platform.Routing.csproj" />
  <Project Path="tests/AIGuiders.Platform.Tests/AIGuiders.Platform.Tests.csproj" />
  <Project Path="tests/AIGuiders.Platform.Authoring.Tests/AIGuiders.Platform.Authoring.Tests.csproj" />
</Solution>
