
Microsoft Visual Studio Solution File, Format Version 12.00
# Visual Studio Version 17
Project("{FAE04EC0-301F-11D3-BF4B-00C04F79EFBC}") = "AIGuiders.Platform.Abstractions", "src\AIGuiders.Platform.Abstractions\AIGuiders.Platform.Abstractions.csproj", "{A1B2C3D4-E5F6-7890-ABCD-EF1234567890}"
EndProject
Project("{FAE04EC0-301F-11D3-BF4B-00C04F79EFBC}") = "AIGuiders.Platform.Routing", "src\AIGuiders.Platform.Routing\AIGuiders.Platform.Routing.csproj", "{B2C3D4E5-F6A7-8901-BCDE-F12345678901}"
EndProject
Project("{FAE04EC0-301F-11D3-BF4B-00C04F79EFBC}") = "AIGuiders.Platform.Cockpit.Abstractions", "src\AIGuiders.Platform.Cockpit.Abstractions\AIGuiders.Platform.Cockpit.Abstractions.csproj", "{E5F6A7B8-C9D0-1234-EF01-345678901234}"
EndProject
Project("{FAE04EC0-301F-11D3-BF4B-00C04F79EFBC}") = "AIGuiders.Platform.Cockpit.Ids", "src\AIGuiders.Platform.Cockpit.Ids\AIGuiders.Platform.Cockpit.Ids.csproj", "{F6A7B8C9-D0E1-2345-F012-456789012345}"
EndProject
Project("{FAE04EC0-301F-11D3-BF4B-00C04F79EFBC}") = "AIGuiders.Platform.Cockpit.DataBus", "src\AIGuiders.Platform.Cockpit.DataBus\AIGuiders.Platform.Cockpit.DataBus.csproj", "{A7B8C9D0-E1F2-3456-0123-567890123456}"
EndProject
Project("{FAE04EC0-301F-11D3-BF4B-00C04F79EFBC}") = "AIGuiders.Platform.Cockpit.Transport", "src\AIGuiders.Platform.Cockpit.Transport\AIGuiders.Platform.Cockpit.Transport.csproj", "{B8C9D0E1-F2A3-4567-1234-678901234567}"
EndProject
Project("{FAE04EC0-301F-11D3-BF4B-00C04F79EFBC}") = "AIGuiders.Platform.Tests", "tests\AIGuiders.Platform.Tests\AIGuiders.Platform.Tests.csproj", "{C3D4E5F6-A7B8-9012-CDEF-123456789012}"
EndProject
Project("{2150E333-8FDC-42A3-9474-1A3956D46DE8}") = "src", "src", "{827E0CD3-B72D-47B6-A68D-7590B98EB39B}"
EndProject
Project("{FAE04EC0-301F-11D3-BF4B-00C04F79EFBC}") = "AIGuiders.Platform.Cockpit.Channels", "src\AIGuiders.Platform.Cockpit.Channels\AIGuiders.Platform.Cockpit.Channels.csproj", "{DFE2D205-4B84-4CBE-A6D7-A790E04DB248}"
EndProject
Project("{FAE04EC0-301F-11D3-BF4B-00C04F79EFBC}") = "AIGuiders.Platform.Cockpit.Cds", "src\AIGuiders.Platform.Cockpit.Cds\AIGuiders.Platform.Cockpit.Cds.csproj", "{1BD9540A-5FB9-4BFE-BA90-1E7BA56F91B6}"
EndProject
Project("{FAE04EC0-301F-11D3-BF4B-00C04F79EFBC}") = "AIGuiders.Platform.Cockpit.Composition", "src\AIGuiders.Platform.Cockpit.Composition\AIGuiders.Platform.Cockpit.Composition.csproj", "{9E445C16-C42E-412B-8D95-712828BBD354}"
EndProject
Project("{FAE04EC0-301F-11D3-BF4B-00C04F79EFBC}") = "AIGuiders.Platform.CommandPlane", "src\AIGuiders.Platform.CommandPlane\AIGuiders.Platform.CommandPlane.csproj", "{E25B6AED-4992-490C-97EB-6C1FF2FB394D}"
EndProject
Project("{FAE04EC0-301F-11D3-BF4B-00C04F79EFBC}") = "AIGuiders.Platform.CommandPlane.Sources", "src\AIGuiders.Platform.CommandPlane.Sources\AIGuiders.Platform.CommandPlane.Sources.csproj", "{839C930F-D6DE-4845-9E4B-9E1A1B797897}"
EndProject
Project("{FAE04EC0-301F-11D3-BF4B-00C04F79EFBC}") = "AIGuiders.Platform.InputNotation", "src\AIGuiders.Platform.InputNotation\AIGuiders.Platform.InputNotation.csproj", "{D9886DA4-86D4-43CD-8C54-20F426757A4D}"
EndProject
Project("{FAE04EC0-301F-11D3-BF4B-00C04F79EFBC}") = "AIGuiders.Platform.CommandPlane.Melody", "src\AIGuiders.Platform.CommandPlane.Melody\AIGuiders.Platform.CommandPlane.Melody.csproj", "{9829C9A7-7F68-4A07-8774-D9F2EC9B482A}"
EndProject
Project("{FAE04EC0-301F-11D3-BF4B-00C04F79EFBC}") = "AIGuiders.Platform.CommandPlane.Slash", "src\AIGuiders.Platform.CommandPlane.Slash\AIGuiders.Platform.CommandPlane.Slash.csproj", "{1A38459D-5F1F-41A3-BD02-DEA3008D31C7}"
EndProject
Project("{FAE04EC0-301F-11D3-BF4B-00C04F79EFBC}") = "AIGuiders.Platform.CommandPlane.Sources.Json", "src\AIGuiders.Platform.CommandPlane.Sources.Json\AIGuiders.Platform.CommandPlane.Sources.Json.csproj", "{1C70505A-8208-4563-BC84-6B91D70AF97B}"
EndProject
Project("{FAE04EC0-301F-11D3-BF4B-00C04F79EFBC}") = "AIGuiders.Platform.CommandPlane.Sources.Toml", "src\AIGuiders.Platform.CommandPlane.Sources.Toml\AIGuiders.Platform.CommandPlane.Sources.Toml.csproj", "{A1A0626A-25A3-428E-B6F2-99E7996E7A3A}"
EndProject
Project("{FAE04EC0-301F-11D3-BF4B-00C04F79EFBC}") = "AIGuiders.Platform.CommandPlane.Sources.Xml", "src\AIGuiders.Platform.CommandPlane.Sources.Xml\AIGuiders.Platform.CommandPlane.Sources.Xml.csproj", "{0D197006-135B-465A-A94F-84E0AC816438}"
EndProject
Project("{FAE04EC0-301F-11D3-BF4B-00C04F79EFBC}") = "AIGuiders.Platform.CommandPlane.Sources.Database", "src\AIGuiders.Platform.CommandPlane.Sources.Database\AIGuiders.Platform.CommandPlane.Sources.Database.csproj", "{065DCA00-FFBC-4EDD-B31A-6B7424ED634F}"
EndProject
Project("{FAE04EC0-301F-11D3-BF4B-00C04F79EFBC}") = "AIGuiders.Platform.CommandPlane.Sources.File", "src\AIGuiders.Platform.CommandPlane.Sources.File\AIGuiders.Platform.CommandPlane.Sources.File.csproj", "{CC83A867-9FE4-4161-BE24-BC7614F87D7F}"
EndProject
Project("{FAE04EC0-301F-11D3-BF4B-00C04F79EFBC}") = "AIGuiders.Platform.InputNotation.KeyGesture", "src\AIGuiders.Platform.InputNotation.KeyGesture\AIGuiders.Platform.InputNotation.KeyGesture.csproj", "{8557F7CA-CA8F-4964-80E6-F1BBA42E85D2}"
EndProject
Project("{FAE04EC0-301F-11D3-BF4B-00C04F79EFBC}") = "AIGuiders.Platform.InputNotation.Vim", "src\AIGuiders.Platform.InputNotation.Vim\AIGuiders.Platform.InputNotation.Vim.csproj", "{40EAC28E-4ADE-4ABC-8FC2-7EE4003DB792}"
EndProject
Project("{FAE04EC0-301F-11D3-BF4B-00C04F79EFBC}") = "AIGuiders.Platform.InputNotation.All", "src\AIGuiders.Platform.InputNotation.All\AIGuiders.Platform.InputNotation.All.csproj", "{EC8CB2D7-01E0-4527-947B-8994A97387EF}"
EndProject
Project("{FAE04EC0-301F-11D3-BF4B-00C04F79EFBC}") = "AIGuiders.Platform.InputNotation.Quarry", "src\AIGuiders.Platform.InputNotation.Quarry\AIGuiders.Platform.InputNotation.Quarry.csproj", "{EC0E48D5-81A9-4E49-8EC3-7B115BD4AB9B}"
EndProject
Project("{FAE04EC0-301F-11D3-BF4B-00C04F79EFBC}") = "AIGuiders.Platform.InputNotation.Neovim", "src\AIGuiders.Platform.InputNotation.Neovim\AIGuiders.Platform.InputNotation.Neovim.csproj", "{315A89DC-035F-4C56-A326-04C4002446D3}"
EndProject
Project("{FAE04EC0-301F-11D3-BF4B-00C04F79EFBC}") = "AIGuiders.Platform.InputNotation.Emacs", "src\AIGuiders.Platform.InputNotation.Emacs\AIGuiders.Platform.InputNotation.Emacs.csproj", "{E987E183-B18D-4BC7-A0C6-ACE19BAAEF80}"
EndProject
Project("{FAE04EC0-301F-11D3-BF4B-00C04F79EFBC}") = "AIGuiders.Platform.CommandPlane.Binding", "src\AIGuiders.Platform.CommandPlane.Binding\AIGuiders.Platform.CommandPlane.Binding.csproj", "{ACD2F08C-9DCA-4F08-9D6E-6EDB1500E2C1}"
EndProject
Project("{FAE04EC0-301F-11D3-BF4B-00C04F79EFBC}") = "AIGuiders.Platform.CommandPlane.Binding.Sources.Toml", "src\AIGuiders.Platform.CommandPlane.Binding.Sources.Toml\AIGuiders.Platform.CommandPlane.Binding.Sources.Toml.csproj", "{DC9AB2C0-337D-432D-B4B5-BC09CA4F29AE}"
EndProject
Project("{FAE04EC0-301F-11D3-BF4B-00C04F79EFBC}") = "AIGuiders.Platform.CommandPlane.Binding.Sources.Json", "src\AIGuiders.Platform.CommandPlane.Binding.Sources.Json\AIGuiders.Platform.CommandPlane.Binding.Sources.Json.csproj", "{7B1AE220-6D60-494D-9C8A-2A964D908104}"
EndProject
Project("{FAE04EC0-301F-11D3-BF4B-00C04F79EFBC}") = "AIGuiders.Platform.CommandPlane.Binding.Sources.File", "src\AIGuiders.Platform.CommandPlane.Binding.Sources.File\AIGuiders.Platform.CommandPlane.Binding.Sources.File.csproj", "{ADFFD72F-C5BD-450C-97F0-3E4B5A849120}"
EndProject
Project("{FAE04EC0-301F-11D3-BF4B-00C04F79EFBC}") = "AIGuiders.Platform.CommandPlane.Binding.Sources.Database", "src\AIGuiders.Platform.CommandPlane.Binding.Sources.Database\AIGuiders.Platform.CommandPlane.Binding.Sources.Database.csproj", "{5E9CF6FE-ACB0-490A-A689-38C9C2B1007B}"
EndProject
Project("{FAE04EC0-301F-11D3-BF4B-00C04F79EFBC}") = "AIGuiders.Platform.CommandPlane.Binding.Sources", "src\AIGuiders.Platform.CommandPlane.Binding.Sources\AIGuiders.Platform.CommandPlane.Binding.Sources.csproj", "{19AB93C7-07E7-4B8D-8BD4-561AF036B719}"
EndProject
Project("{FAE04EC0-301F-11D3-BF4B-00C04F79EFBC}") = "AIGuiders.Platform.Utilities.Adoption", "src\AIGuiders.Platform.Utilities.Adoption\AIGuiders.Platform.Utilities.Adoption.csproj", "{424C1783-984A-4A41-B61C-2DA9809E3CE2}"
EndProject
Project("{2150E333-8FDC-42A3-9474-1A3956D46DE8}") = "tools", "tools", "{07C2787E-EAC7-C090-1BA3-A61EC2A24D84}"
EndProject
Project("{FAE04EC0-301F-11D3-BF4B-00C04F79EFBC}") = "AdoptionReport", "tools\AdoptionReport\AdoptionReport.csproj", "{2015FE33-7FCD-4E23-91DC-A34AE387416A}"
EndProject
Project("{FAE04EC0-301F-11D3-BF4B-00C04F79EFBC}") = "AIGuiders.Platform.Utilities.Adoption.Sources", "src\AIGuiders.Platform.Utilities.Adoption.Sources\AIGuiders.Platform.Utilities.Adoption.Sources.csproj", "{C861C3EE-E7C4-4FA1-9443-ADC3D3C5B559}"
EndProject
Project("{FAE04EC0-301F-11D3-BF4B-00C04F79EFBC}") = "AIGuiders.Platform.Utilities.Adoption.Reports.Markdown", "src\AIGuiders.Platform.Utilities.Adoption.Reports.Markdown\AIGuiders.Platform.Utilities.Adoption.Reports.Markdown.csproj", "{4590FE0F-F2FE-4762-BB99-42B1EF339FB5}"
EndProject
Project("{FAE04EC0-301F-11D3-BF4B-00C04F79EFBC}") = "AIGuiders.Platform.Notations", "src\AIGuiders.Platform.Notations\AIGuiders.Platform.Notations.csproj", "{D6E4223E-25ED-4FDE-9A68-2D00A19D41A0}"
EndProject
Project("{FAE04EC0-301F-11D3-BF4B-00C04F79EFBC}") = "AIGuiders.Platform.Notations.Command.Slash", "src\AIGuiders.Platform.Notations.Command.Slash\AIGuiders.Platform.Notations.Command.Slash.csproj", "{893AE9F4-45C4-44FE-A86F-B4D90E3F3CBD}"
EndProject
Project("{FAE04EC0-301F-11D3-BF4B-00C04F79EFBC}") = "AIGuiders.Platform.Notations.Argument.Kv", "src\AIGuiders.Platform.Notations.Argument.Kv\AIGuiders.Platform.Notations.Argument.Kv.csproj", "{BBB45586-9156-4EEC-82EF-300EAF58F3C2}"
EndProject
Project("{FAE04EC0-301F-11D3-BF4B-00C04F79EFBC}") = "AIGuiders.Platform.Notations.Command.Console", "src\AIGuiders.Platform.Notations.Command.Console\AIGuiders.Platform.Notations.Command.Console.csproj", "{3430C6AE-C097-4596-82E3-48380D039FA4}"
EndProject
Global
	GlobalSection(SolutionConfigurationPlatforms) = preSolution
		Debug|Any CPU = Debug|Any CPU
		Debug|x64 = Debug|x64
		Debug|x86 = Debug|x86
		Release|Any CPU = Release|Any CPU
		Release|x64 = Release|x64
		Release|x86 = Release|x86
	EndGlobalSection
	GlobalSection(ProjectConfigurationPlatforms) = postSolution
		{A1B2C3D4-E5F6-7890-ABCD-EF1234567890}.Debug|Any CPU.ActiveCfg = Debug|Any CPU
		{A1B2C3D4-E5F6-7890-ABCD-EF1234567890}.Debug|Any CPU.Build.0 = Debug|Any CPU
		{A1B2C3D4-E5F6-7890-ABCD-EF1234567890}.Debug|x64.ActiveCfg = Debug|Any CPU
		{A1B2C3D4-E5F6-7890-ABCD-EF1234567890}.Debug|x64.Build.0 = Debug|Any CPU
		{A1B2C3D4-E5F6-7890-ABCD-EF1234567890}.Debug|x86.ActiveCfg = Debug|Any CPU
		{A1B2C3D4-E5F6-7890-ABCD-EF1234567890}.Debug|x86.Build.0 = Debug|Any CPU
		{A1B2C3D4-E5F6-7890-ABCD-EF1234567890}.Release|Any CPU.ActiveCfg = Release|Any CPU
		{A1B2C3D4-E5F6-7890-ABCD-EF1234567890}.Release|Any CPU.Build.0 = Release|Any CPU
		{A1B2C3D4-E5F6-7890-ABCD-EF1234567890}.Release|x64.ActiveCfg = Release|Any CPU
		{A1B2C3D4-E5F6-7890-ABCD-EF1234567890}.Release|x64.Build.0 = Release|Any CPU
		{A1B2C3D4-E5F6-7890-ABCD-EF1234567890}.Release|x86.ActiveCfg = Release|Any CPU
		{A1B2C3D4-E5F6-7890-ABCD-EF1234567890}.Release|x86.Build.0 = Release|Any CPU
		{B2C3D4E5-F6A7-8901-BCDE-F12345678901}.Debug|Any CPU.ActiveCfg = Debug|Any CPU
		{B2C3D4E5-F6A7-8901-BCDE-F12345678901}.Debug|Any CPU.Build.0 = Debug|Any CPU
		{B2C3D4E5-F6A7-8901-BCDE-F12345678901}.Debug|x64.ActiveCfg = Debug|Any CPU
		{B2C3D4E5-F6A7-8901-BCDE-F12345678901}.Debug|x64.Build.0 = Debug|Any CPU
		{B2C3D4E5-F6A7-8901-BCDE-F12345678901}.Debug|x86.ActiveCfg = Debug|Any CPU
		{B2C3D4E5-F6A7-8901-BCDE-F12345678901}.Debug|x86.Build.0 = Debug|Any CPU
		{B2C3D4E5-F6A7-8901-BCDE-F12345678901}.Release|Any CPU.ActiveCfg = Release|Any CPU
		{B2C3D4E5-F6A7-8901-BCDE-F12345678901}.Release|Any CPU.Build.0 = Release|Any CPU
		{B2C3D4E5-F6A7-8901-BCDE-F12345678901}.Release|x64.ActiveCfg = Release|Any CPU
		{B2C3D4E5-F6A7-8901-BCDE-F12345678901}.Release|x64.Build.0 = Release|Any CPU
		{B2C3D4E5-F6A7-8901-BCDE-F12345678901}.Release|x86.ActiveCfg = Release|Any CPU
		{B2C3D4E5-F6A7-8901-BCDE-F12345678901}.Release|x86.Build.0 = Release|Any CPU
		{E5F6A7B8-C9D0-1234-EF01-345678901234}.Debug|Any CPU.ActiveCfg = Debug|Any CPU
		{E5F6A7B8-C9D0-1234-EF01-345678901234}.Debug|Any CPU.Build.0 = Debug|Any CPU
		{E5F6A7B8-C9D0-1234-EF01-345678901234}.Debug|x64.ActiveCfg = Debug|Any CPU
		{E5F6A7B8-C9D0-1234-EF01-345678901234}.Debug|x64.Build.0 = Debug|Any CPU
		{E5F6A7B8-C9D0-1234-EF01-345678901234}.Debug|x86.ActiveCfg = Debug|Any CPU
		{E5F6A7B8-C9D0-1234-EF01-345678901234}.Debug|x86.Build.0 = Debug|Any CPU
		{E5F6A7B8-C9D0-1234-EF01-345678901234}.Release|Any CPU.ActiveCfg = Release|Any CPU
		{E5F6A7B8-C9D0-1234-EF01-345678901234}.Release|Any CPU.Build.0 = Release|Any CPU
		{E5F6A7B8-C9D0-1234-EF01-345678901234}.Release|x64.ActiveCfg = Release|Any CPU
		{E5F6A7B8-C9D0-1234-EF01-345678901234}.Release|x64.Build.0 = Release|Any CPU
		{E5F6A7B8-C9D0-1234-EF01-345678901234}.Release|x86.ActiveCfg = Release|Any CPU
		{E5F6A7B8-C9D0-1234-EF01-345678901234}.Release|x86.Build.0 = Release|Any CPU
		{F6A7B8C9-D0E1-2345-F012-456789012345}.Debug|Any CPU.ActiveCfg = Debug|Any CPU
		{F6A7B8C9-D0E1-2345-F012-456789012345}.Debug|Any CPU.Build.0 = Debug|Any CPU
		{F6A7B8C9-D0E1-2345-F012-456789012345}.Debug|x64.ActiveCfg = Debug|Any CPU
		{F6A7B8C9-D0E1-2345-F012-456789012345}.Debug|x64.Build.0 = Debug|Any CPU
		{F6A7B8C9-D0E1-2345-F012-456789012345}.Debug|x86.ActiveCfg = Debug|Any CPU
		{F6A7B8C9-D0E1-2345-F012-456789012345}.Debug|x86.Build.0 = Debug|Any CPU
		{F6A7B8C9-D0E1-2345-F012-456789012345}.Release|Any CPU.ActiveCfg = Release|Any CPU
		{F6A7B8C9-D0E1-2345-F012-456789012345}.Release|Any CPU.Build.0 = Release|Any CPU
		{F6A7B8C9-D0E1-2345-F012-456789012345}.Release|x64.ActiveCfg = Release|Any CPU
		{F6A7B8C9-D0E1-2345-F012-456789012345}.Release|x64.Build.0 = Release|Any CPU
		{F6A7B8C9-D0E1-2345-F012-456789012345}.Release|x86.ActiveCfg = Release|Any CPU
		{F6A7B8C9-D0E1-2345-F012-456789012345}.Release|x86.Build.0 = Release|Any CPU
		{A7B8C9D0-E1F2-3456-0123-567890123456}.Debug|Any CPU.ActiveCfg = Debug|Any CPU
		{A7B8C9D0-E1F2-3456-0123-567890123456}.Debug|Any CPU.Build.0 = Debug|Any CPU
		{A7B8C9D0-E1F2-3456-0123-567890123456}.Debug|x64.ActiveCfg = Debug|Any CPU
		{A7B8C9D0-E1F2-3456-0123-567890123456}.Debug|x64.Build.0 = Debug|Any CPU
		{A7B8C9D0-E1F2-3456-0123-567890123456}.Debug|x86.ActiveCfg = Debug|Any CPU
		{A7B8C9D0-E1F2-3456-0123-567890123456}.Debug|x86.Build.0 = Debug|Any CPU
		{A7B8C9D0-E1F2-3456-0123-567890123456}.Release|Any CPU.ActiveCfg = Release|Any CPU
		{A7B8C9D0-E1F2-3456-0123-567890123456}.Release|Any CPU.Build.0 = Release|Any CPU
		{A7B8C9D0-E1F2-3456-0123-567890123456}.Release|x64.ActiveCfg = Release|Any CPU
		{A7B8C9D0-E1F2-3456-0123-567890123456}.Release|x64.Build.0 = Release|Any CPU
		{A7B8C9D0-E1F2-3456-0123-567890123456}.Release|x86.ActiveCfg = Release|Any CPU
		{A7B8C9D0-E1F2-3456-0123-567890123456}.Release|x86.Build.0 = Release|Any CPU
		{B8C9D0E1-F2A3-4567-1234-678901234567}.Debug|Any CPU.ActiveCfg = Debug|Any CPU
		{B8C9D0E1-F2A3-4567-1234-678901234567}.Debug|Any CPU.Build.0 = Debug|Any CPU
		{B8C9D0E1-F2A3-4567-1234-678901234567}.Debug|x64.ActiveCfg = Debug|Any CPU
		{B8C9D0E1-F2A3-4567-1234-678901234567}.Debug|x64.Build.0 = Debug|Any CPU
		{B8C9D0E1-F2A3-4567-1234-678901234567}.Debug|x86.ActiveCfg = Debug|Any CPU
		{B8C9D0E1-F2A3-4567-1234-678901234567}.Debug|x86.Build.0 = Debug|Any CPU
		{B8C9D0E1-F2A3-4567-1234-678901234567}.Release|Any CPU.ActiveCfg = Release|Any CPU
		{B8C9D0E1-F2A3-4567-1234-678901234567}.Release|Any CPU.Build.0 = Release|Any CPU
		{B8C9D0E1-F2A3-4567-1234-678901234567}.Release|x64.ActiveCfg = Release|Any CPU
		{B8C9D0E1-F2A3-4567-1234-678901234567}.Release|x64.Build.0 = Release|Any CPU
		{B8C9D0E1-F2A3-4567-1234-678901234567}.Release|x86.ActiveCfg = Release|Any CPU
		{B8C9D0E1-F2A3-4567-1234-678901234567}.Release|x86.Build.0 = Release|Any CPU
		{C3D4E5F6-A7B8-9012-CDEF-123456789012}.Debug|Any CPU.ActiveCfg = Debug|Any CPU
		{C3D4E5F6-A7B8-9012-CDEF-123456789012}.Debug|Any CPU.Build.0 = Debug|Any CPU
		{C3D4E5F6-A7B8-9012-CDEF-123456789012}.Debug|x64.ActiveCfg = Debug|Any CPU
		{C3D4E5F6-A7B8-9012-CDEF-123456789012}.Debug|x64.Build.0 = Debug|Any CPU
		{C3D4E5F6-A7B8-9012-CDEF-123456789012}.Debug|x86.ActiveCfg = Debug|Any CPU
		{C3D4E5F6-A7B8-9012-CDEF-123456789012}.Debug|x86.Build.0 = Debug|Any CPU
		{C3D4E5F6-A7B8-9012-CDEF-123456789012}.Release|Any CPU.ActiveCfg = Release|Any CPU
		{C3D4E5F6-A7B8-9012-CDEF-123456789012}.Release|Any CPU.Build.0 = Release|Any CPU
		{C3D4E5F6-A7B8-9012-CDEF-123456789012}.Release|x64.ActiveCfg = Release|Any CPU
		{C3D4E5F6-A7B8-9012-CDEF-123456789012}.Release|x64.Build.0 = Release|Any CPU
		{C3D4E5F6-A7B8-9012-CDEF-123456789012}.Release|x86.ActiveCfg = Release|Any CPU
		{C3D4E5F6-A7B8-9012-CDEF-123456789012}.Release|x86.Build.0 = Release|Any CPU
		{DFE2D205-4B84-4CBE-A6D7-A790E04DB248}.Debug|Any CPU.ActiveCfg = Debug|Any CPU
		{DFE2D205-4B84-4CBE-A6D7-A790E04DB248}.Debug|Any CPU.Build.0 = Debug|Any CPU
		{DFE2D205-4B84-4CBE-A6D7-A790E04DB248}.Debug|x64.ActiveCfg = Debug|Any CPU
		{DFE2D205-4B84-4CBE-A6D7-A790E04DB248}.Debug|x64.Build.0 = Debug|Any CPU
		{DFE2D205-4B84-4CBE-A6D7-A790E04DB248}.Debug|x86.ActiveCfg = Debug|Any CPU
		{DFE2D205-4B84-4CBE-A6D7-A790E04DB248}.Debug|x86.Build.0 = Debug|Any CPU
		{DFE2D205-4B84-4CBE-A6D7-A790E04DB248}.Release|Any CPU.ActiveCfg = Release|Any CPU
		{DFE2D205-4B84-4CBE-A6D7-A790E04DB248}.Release|Any CPU.Build.0 = Release|Any CPU
		{DFE2D205-4B84-4CBE-A6D7-A790E04DB248}.Release|x64.ActiveCfg = Release|Any CPU
		{DFE2D205-4B84-4CBE-A6D7-A790E04DB248}.Release|x64.Build.0 = Release|Any CPU
		{DFE2D205-4B84-4CBE-A6D7-A790E04DB248}.Release|x86.ActiveCfg = Release|Any CPU
		{DFE2D205-4B84-4CBE-A6D7-A790E04DB248}.Release|x86.Build.0 = Release|Any CPU
		{1BD9540A-5FB9-4BFE-BA90-1E7BA56F91B6}.Debug|Any CPU.ActiveCfg = Debug|Any CPU
		{1BD9540A-5FB9-4BFE-BA90-1E7BA56F91B6}.Debug|Any CPU.Build.0 = Debug|Any CPU
		{1BD9540A-5FB9-4BFE-BA90-1E7BA56F91B6}.Debug|x64.ActiveCfg = Debug|Any CPU
		{1BD9540A-5FB9-4BFE-BA90-1E7BA56F91B6}.Debug|x64.Build.0 = Debug|Any CPU
		{1BD9540A-5FB9-4BFE-BA90-1E7BA56F91B6}.Debug|x86.ActiveCfg = Debug|Any CPU
		{1BD9540A-5FB9-4BFE-BA90-1E7BA56F91B6}.Debug|x86.Build.0 = Debug|Any CPU
		{1BD9540A-5FB9-4BFE-BA90-1E7BA56F91B6}.Release|Any CPU.ActiveCfg = Release|Any CPU
		{1BD9540A-5FB9-4BFE-BA90-1E7BA56F91B6}.Release|Any CPU.Build.0 = Release|Any CPU
		{1BD9540A-5FB9-4BFE-BA90-1E7BA56F91B6}.Release|x64.ActiveCfg = Release|Any CPU
		{1BD9540A-5FB9-4BFE-BA90-1E7BA56F91B6}.Release|x64.Build.0 = Release|Any CPU
		{1BD9540A-5FB9-4BFE-BA90-1E7BA56F91B6}.Release|x86.ActiveCfg = Release|Any CPU
		{1BD9540A-5FB9-4BFE-BA90-1E7BA56F91B6}.Release|x86.Build.0 = Release|Any CPU
		{9E445C16-C42E-412B-8D95-712828BBD354}.Debug|Any CPU.ActiveCfg = Debug|Any CPU
		{9E445C16-C42E-412B-8D95-712828BBD354}.Debug|Any CPU.Build.0 = Debug|Any CPU
		{9E445C16-C42E-412B-8D95-712828BBD354}.Debug|x64.ActiveCfg = Debug|Any CPU
		{9E445C16-C42E-412B-8D95-712828BBD354}.Debug|x64.Build.0 = Debug|Any CPU
		{9E445C16-C42E-412B-8D95-712828BBD354}.Debug|x86.ActiveCfg = Debug|Any CPU
		{9E445C16-C42E-412B-8D95-712828BBD354}.Debug|x86.Build.0 = Debug|Any CPU
		{9E445C16-C42E-412B-8D95-712828BBD354}.Release|Any CPU.ActiveCfg = Release|Any CPU
		{9E445C16-C42E-412B-8D95-712828BBD354}.Release|Any CPU.Build.0 = Release|Any CPU
		{9E445C16-C42E-412B-8D95-712828BBD354}.Release|x64.ActiveCfg = Release|Any CPU
		{9E445C16-C42E-412B-8D95-712828BBD354}.Release|x64.Build.0 = Release|Any CPU
		{9E445C16-C42E-412B-8D95-712828BBD354}.Release|x86.ActiveCfg = Release|Any CPU
		{9E445C16-C42E-412B-8D95-712828BBD354}.Release|x86.Build.0 = Release|Any CPU
		{E25B6AED-4992-490C-97EB-6C1FF2FB394D}.Debug|Any CPU.ActiveCfg = Debug|Any CPU
		{E25B6AED-4992-490C-97EB-6C1FF2FB394D}.Debug|Any CPU.Build.0 = Debug|Any CPU
		{E25B6AED-4992-490C-97EB-6C1FF2FB394D}.Debug|x64.ActiveCfg = Debug|Any CPU
		{E25B6AED-4992-490C-97EB-6C1FF2FB394D}.Debug|x64.Build.0 = Debug|Any CPU
		{E25B6AED-4992-490C-97EB-6C1FF2FB394D}.Debug|x86.ActiveCfg = Debug|Any CPU
		{E25B6AED-4992-490C-97EB-6C1FF2FB394D}.Debug|x86.Build.0 = Debug|Any CPU
		{E25B6AED-4992-490C-97EB-6C1FF2FB394D}.Release|Any CPU.ActiveCfg = Release|Any CPU
		{E25B6AED-4992-490C-97EB-6C1FF2FB394D}.Release|Any CPU.Build.0 = Release|Any CPU
		{E25B6AED-4992-490C-97EB-6C1FF2FB394D}.Release|x64.ActiveCfg = Release|Any CPU
		{E25B6AED-4992-490C-97EB-6C1FF2FB394D}.Release|x64.Build.0 = Release|Any CPU
		{E25B6AED-4992-490C-97EB-6C1FF2FB394D}.Release|x86.ActiveCfg = Release|Any CPU
		{E25B6AED-4992-490C-97EB-6C1FF2FB394D}.Release|x86.Build.0 = Release|Any CPU
		{839C930F-D6DE-4845-9E4B-9E1A1B797897}.Debug|Any CPU.ActiveCfg = Debug|Any CPU
		{839C930F-D6DE-4845-9E4B-9E1A1B797897}.Debug|Any CPU.Build.0 = Debug|Any CPU
		{839C930F-D6DE-4845-9E4B-9E1A1B797897}.Debug|x64.ActiveCfg = Debug|Any CPU
		{839C930F-D6DE-4845-9E4B-9E1A1B797897}.Debug|x64.Build.0 = Debug|Any CPU
		{839C930F-D6DE-4845-9E4B-9E1A1B797897}.Debug|x86.ActiveCfg = Debug|Any CPU
		{839C930F-D6DE-4845-9E4B-9E1A1B797897}.Debug|x86.Build.0 = Debug|Any CPU
		{839C930F-D6DE-4845-9E4B-9E1A1B797897}.Release|Any CPU.ActiveCfg = Release|Any CPU
		{839C930F-D6DE-4845-9E4B-9E1A1B797897}.Release|Any CPU.Build.0 = Release|Any CPU
		{839C930F-D6DE-4845-9E4B-9E1A1B797897}.Release|x64.ActiveCfg = Release|Any CPU
		{839C930F-D6DE-4845-9E4B-9E1A1B797897}.Release|x64.Build.0 = Release|Any CPU
		{839C930F-D6DE-4845-9E4B-9E1A1B797897}.Release|x86.ActiveCfg = Release|Any CPU
		{839C930F-D6DE-4845-9E4B-9E1A1B797897}.Release|x86.Build.0 = Release|Any CPU
		{D9886DA4-86D4-43CD-8C54-20F426757A4D}.Debug|Any CPU.ActiveCfg = Debug|Any CPU
		{D9886DA4-86D4-43CD-8C54-20F426757A4D}.Debug|Any CPU.Build.0 = Debug|Any CPU
		{D9886DA4-86D4-43CD-8C54-20F426757A4D}.Debug|x64.ActiveCfg = Debug|Any CPU
		{D9886DA4-86D4-43CD-8C54-20F426757A4D}.Debug|x64.Build.0 = Debug|Any CPU
		{D9886DA4-86D4-43CD-8C54-20F426757A4D}.Debug|x86.ActiveCfg = Debug|Any CPU
		{D9886DA4-86D4-43CD-8C54-20F426757A4D}.Debug|x86.Build.0 = Debug|Any CPU
		{D9886DA4-86D4-43CD-8C54-20F426757A4D}.Release|Any CPU.ActiveCfg = Release|Any CPU
		{D9886DA4-86D4-43CD-8C54-20F426757A4D}.Release|Any CPU.Build.0 = Release|Any CPU
		{D9886DA4-86D4-43CD-8C54-20F426757A4D}.Release|x64.ActiveCfg = Release|Any CPU
		{D9886DA4-86D4-43CD-8C54-20F426757A4D}.Release|x64.Build.0 = Release|Any CPU
		{D9886DA4-86D4-43CD-8C54-20F426757A4D}.Release|x86.ActiveCfg = Release|Any CPU
		{D9886DA4-86D4-43CD-8C54-20F426757A4D}.Release|x86.Build.0 = Release|Any CPU
		{9829C9A7-7F68-4A07-8774-D9F2EC9B482A}.Debug|Any CPU.ActiveCfg = Debug|Any CPU
		{9829C9A7-7F68-4A07-8774-D9F2EC9B482A}.Debug|Any CPU.Build.0 = Debug|Any CPU
		{9829C9A7-7F68-4A07-8774-D9F2EC9B482A}.Debug|x64.ActiveCfg = Debug|Any CPU
		{9829C9A7-7F68-4A07-8774-D9F2EC9B482A}.Debug|x64.Build.0 = Debug|Any CPU
		{9829C9A7-7F68-4A07-8774-D9F2EC9B482A}.Debug|x86.ActiveCfg = Debug|Any CPU
		{9829C9A7-7F68-4A07-8774-D9F2EC9B482A}.Debug|x86.Build.0 = Debug|Any CPU
		{9829C9A7-7F68-4A07-8774-D9F2EC9B482A}.Release|Any CPU.ActiveCfg = Release|Any CPU
		{9829C9A7-7F68-4A07-8774-D9F2EC9B482A}.Release|Any CPU.Build.0 = Release|Any CPU
		{9829C9A7-7F68-4A07-8774-D9F2EC9B482A}.Release|x64.ActiveCfg = Release|Any CPU
		{9829C9A7-7F68-4A07-8774-D9F2EC9B482A}.Release|x64.Build.0 = Release|Any CPU
		{9829C9A7-7F68-4A07-8774-D9F2EC9B482A}.Release|x86.ActiveCfg = Release|Any CPU
		{9829C9A7-7F68-4A07-8774-D9F2EC9B482A}.Release|x86.Build.0 = Release|Any CPU
		{1A38459D-5F1F-41A3-BD02-DEA3008D31C7}.Debug|Any CPU.ActiveCfg = Debug|Any CPU
		{1A38459D-5F1F-41A3-BD02-DEA3008D31C7}.Debug|Any CPU.Build.0 = Debug|Any CPU
		{1A38459D-5F1F-41A3-BD02-DEA3008D31C7}.Debug|x64.ActiveCfg = Debug|Any CPU
		{1A38459D-5F1F-41A3-BD02-DEA3008D31C7}.Debug|x64.Build.0 = Debug|Any CPU
		{1A38459D-5F1F-41A3-BD02-DEA3008D31C7}.Debug|x86.ActiveCfg = Debug|Any CPU
		{1A38459D-5F1F-41A3-BD02-DEA3008D31C7}.Debug|x86.Build.0 = Debug|Any CPU
		{1A38459D-5F1F-41A3-BD02-DEA3008D31C7}.Release|Any CPU.ActiveCfg = Release|Any CPU
		{1A38459D-5F1F-41A3-BD02-DEA3008D31C7}.Release|Any CPU.Build.0 = Release|Any CPU
		{1A38459D-5F1F-41A3-BD02-DEA3008D31C7}.Release|x64.ActiveCfg = Release|Any CPU
		{1A38459D-5F1F-41A3-BD02-DEA3008D31C7}.Release|x64.Build.0 = Release|Any CPU
		{1A38459D-5F1F-41A3-BD02-DEA3008D31C7}.Release|x86.ActiveCfg = Release|Any CPU
		{1A38459D-5F1F-41A3-BD02-DEA3008D31C7}.Release|x86.Build.0 = Release|Any CPU
		{1C70505A-8208-4563-BC84-6B91D70AF97B}.Debug|Any CPU.ActiveCfg = Debug|Any CPU
		{1C70505A-8208-4563-BC84-6B91D70AF97B}.Debug|Any CPU.Build.0 = Debug|Any CPU
		{1C70505A-8208-4563-BC84-6B91D70AF97B}.Debug|x64.ActiveCfg = Debug|Any CPU
		{1C70505A-8208-4563-BC84-6B91D70AF97B}.Debug|x64.Build.0 = Debug|Any CPU
		{1C70505A-8208-4563-BC84-6B91D70AF97B}.Debug|x86.ActiveCfg = Debug|Any CPU
		{1C70505A-8208-4563-BC84-6B91D70AF97B}.Debug|x86.Build.0 = Debug|Any CPU
		{1C70505A-8208-4563-BC84-6B91D70AF97B}.Release|Any CPU.ActiveCfg = Release|Any CPU
		{1C70505A-8208-4563-BC84-6B91D70AF97B}.Release|Any CPU.Build.0 = Release|Any CPU
		{1C70505A-8208-4563-BC84-6B91D70AF97B}.Release|x64.ActiveCfg = Release|Any CPU
		{1C70505A-8208-4563-BC84-6B91D70AF97B}.Release|x64.Build.0 = Release|Any CPU
		{1C70505A-8208-4563-BC84-6B91D70AF97B}.Release|x86.ActiveCfg = Release|Any CPU
		{1C70505A-8208-4563-BC84-6B91D70AF97B}.Release|x86.Build.0 = Release|Any CPU
		{A1A0626A-25A3-428E-B6F2-99E7996E7A3A}.Debug|Any CPU.ActiveCfg = Debug|Any CPU
		{A1A0626A-25A3-428E-B6F2-99E7996E7A3A}.Debug|Any CPU.Build.0 = Debug|Any CPU
		{A1A0626A-25A3-428E-B6F2-99E7996E7A3A}.Debug|x64.ActiveCfg = Debug|Any CPU
		{A1A0626A-25A3-428E-B6F2-99E7996E7A3A}.Debug|x64.Build.0 = Debug|Any CPU
		{A1A0626A-25A3-428E-B6F2-99E7996E7A3A}.Debug|x86.ActiveCfg = Debug|Any CPU
		{A1A0626A-25A3-428E-B6F2-99E7996E7A3A}.Debug|x86.Build.0 = Debug|Any CPU
		{A1A0626A-25A3-428E-B6F2-99E7996E7A3A}.Release|Any CPU.ActiveCfg = Release|Any CPU
		{A1A0626A-25A3-428E-B6F2-99E7996E7A3A}.Release|Any CPU.Build.0 = Release|Any CPU
		{A1A0626A-25A3-428E-B6F2-99E7996E7A3A}.Release|x64.ActiveCfg = Release|Any CPU
		{A1A0626A-25A3-428E-B6F2-99E7996E7A3A}.Release|x64.Build.0 = Release|Any CPU
		{A1A0626A-25A3-428E-B6F2-99E7996E7A3A}.Release|x86.ActiveCfg = Release|Any CPU
		{A1A0626A-25A3-428E-B6F2-99E7996E7A3A}.Release|x86.Build.0 = Release|Any CPU
		{0D197006-135B-465A-A94F-84E0AC816438}.Debug|Any CPU.ActiveCfg = Debug|Any CPU
		{0D197006-135B-465A-A94F-84E0AC816438}.Debug|Any CPU.Build.0 = Debug|Any CPU
		{0D197006-135B-465A-A94F-84E0AC816438}.Debug|x64.ActiveCfg = Debug|Any CPU
		{0D197006-135B-465A-A94F-84E0AC816438}.Debug|x64.Build.0 = Debug|Any CPU
		{0D197006-135B-465A-A94F-84E0AC816438}.Debug|x86.ActiveCfg = Debug|Any CPU
		{0D197006-135B-465A-A94F-84E0AC816438}.Debug|x86.Build.0 = Debug|Any CPU
		{0D197006-135B-465A-A94F-84E0AC816438}.Release|Any CPU.ActiveCfg = Release|Any CPU
		{0D197006-135B-465A-A94F-84E0AC816438}.Release|Any CPU.Build.0 = Release|Any CPU
		{0D197006-135B-465A-A94F-84E0AC816438}.Release|x64.ActiveCfg = Release|Any CPU
		{0D197006-135B-465A-A94F-84E0AC816438}.Release|x64.Build.0 = Release|Any CPU
		{0D197006-135B-465A-A94F-84E0AC816438}.Release|x86.ActiveCfg = Release|Any CPU
		{0D197006-135B-465A-A94F-84E0AC816438}.Release|x86.Build.0 = Release|Any CPU
		{065DCA00-FFBC-4EDD-B31A-6B7424ED634F}.Debug|Any CPU.ActiveCfg = Debug|Any CPU
		{065DCA00-FFBC-4EDD-B31A-6B7424ED634F}.Debug|Any CPU.Build.0 = Debug|Any CPU
		{065DCA00-FFBC-4EDD-B31A-6B7424ED634F}.Debug|x64.ActiveCfg = Debug|Any CPU
		{065DCA00-FFBC-4EDD-B31A-6B7424ED634F}.Debug|x64.Build.0 = Debug|Any CPU
		{065DCA00-FFBC-4EDD-B31A-6B7424ED634F}.Debug|x86.ActiveCfg = Debug|Any CPU
		{065DCA00-FFBC-4EDD-B31A-6B7424ED634F}.Debug|x86.Build.0 = Debug|Any CPU
		{065DCA00-FFBC-4EDD-B31A-6B7424ED634F}.Release|Any CPU.ActiveCfg = Release|Any CPU
		{065DCA00-FFBC-4EDD-B31A-6B7424ED634F}.Release|Any CPU.Build.0 = Release|Any CPU
		{065DCA00-FFBC-4EDD-B31A-6B7424ED634F}.Release|x64.ActiveCfg = Release|Any CPU
		{065DCA00-FFBC-4EDD-B31A-6B7424ED634F}.Release|x64.Build.0 = Release|Any CPU
		{065DCA00-FFBC-4EDD-B31A-6B7424ED634F}.Release|x86.ActiveCfg = Release|Any CPU
		{065DCA00-FFBC-4EDD-B31A-6B7424ED634F}.Release|x86.Build.0 = Release|Any CPU
		{CC83A867-9FE4-4161-BE24-BC7614F87D7F}.Debug|Any CPU.ActiveCfg = Debug|Any CPU
		{CC83A867-9FE4-4161-BE24-BC7614F87D7F}.Debug|Any CPU.Build.0 = Debug|Any CPU
		{CC83A867-9FE4-4161-BE24-BC7614F87D7F}.Debug|x64.ActiveCfg = Debug|Any CPU
		{CC83A867-9FE4-4161-BE24-BC7614F87D7F}.Debug|x64.Build.0 = Debug|Any CPU
		{CC83A867-9FE4-4161-BE24-BC7614F87D7F}.Debug|x86.ActiveCfg = Debug|Any CPU
		{CC83A867-9FE4-4161-BE24-BC7614F87D7F}.Debug|x86.Build.0 = Debug|Any CPU
		{CC83A867-9FE4-4161-BE24-BC7614F87D7F}.Release|Any CPU.ActiveCfg = Release|Any CPU
		{CC83A867-9FE4-4161-BE24-BC7614F87D7F}.Release|Any CPU.Build.0 = Release|Any CPU
		{CC83A867-9FE4-4161-BE24-BC7614F87D7F}.Release|x64.ActiveCfg = Release|Any CPU
		{CC83A867-9FE4-4161-BE24-BC7614F87D7F}.Release|x64.Build.0 = Release|Any CPU
		{CC83A867-9FE4-4161-BE24-BC7614F87D7F}.Release|x86.ActiveCfg = Release|Any CPU
		{CC83A867-9FE4-4161-BE24-BC7614F87D7F}.Release|x86.Build.0 = Release|Any CPU
		{8557F7CA-CA8F-4964-80E6-F1BBA42E85D2}.Debug|Any CPU.ActiveCfg = Debug|Any CPU
		{8557F7CA-CA8F-4964-80E6-F1BBA42E85D2}.Debug|Any CPU.Build.0 = Debug|Any CPU
		{8557F7CA-CA8F-4964-80E6-F1BBA42E85D2}.Debug|x64.ActiveCfg = Debug|Any CPU
		{8557F7CA-CA8F-4964-80E6-F1BBA42E85D2}.Debug|x64.Build.0 = Debug|Any CPU
		{8557F7CA-CA8F-4964-80E6-F1BBA42E85D2}.Debug|x86.ActiveCfg = Debug|Any CPU
		{8557F7CA-CA8F-4964-80E6-F1BBA42E85D2}.Debug|x86.Build.0 = Debug|Any CPU
		{8557F7CA-CA8F-4964-80E6-F1BBA42E85D2}.Release|Any CPU.ActiveCfg = Release|Any CPU
		{8557F7CA-CA8F-4964-80E6-F1BBA42E85D2}.Release|Any CPU.Build.0 = Release|Any CPU
		{8557F7CA-CA8F-4964-80E6-F1BBA42E85D2}.Release|x64.ActiveCfg = Release|Any CPU
		{8557F7CA-CA8F-4964-80E6-F1BBA42E85D2}.Release|x64.Build.0 = Release|Any CPU
		{8557F7CA-CA8F-4964-80E6-F1BBA42E85D2}.Release|x86.ActiveCfg = Release|Any CPU
		{8557F7CA-CA8F-4964-80E6-F1BBA42E85D2}.Release|x86.Build.0 = Release|Any CPU
		{40EAC28E-4ADE-4ABC-8FC2-7EE4003DB792}.Debug|Any CPU.ActiveCfg = Debug|Any CPU
		{40EAC28E-4ADE-4ABC-8FC2-7EE4003DB792}.Debug|Any CPU.Build.0 = Debug|Any CPU
		{40EAC28E-4ADE-4ABC-8FC2-7EE4003DB792}.Debug|x64.ActiveCfg = Debug|Any CPU
		{40EAC28E-4ADE-4ABC-8FC2-7EE4003DB792}.Debug|x64.Build.0 = Debug|Any CPU
		{40EAC28E-4ADE-4ABC-8FC2-7EE4003DB792}.Debug|x86.ActiveCfg = Debug|Any CPU
		{40EAC28E-4ADE-4ABC-8FC2-7EE4003DB792}.Debug|x86.Build.0 = Debug|Any CPU
		{40EAC28E-4ADE-4ABC-8FC2-7EE4003DB792}.Release|Any CPU.ActiveCfg = Release|Any CPU
		{40EAC28E-4ADE-4ABC-8FC2-7EE4003DB792}.Release|Any CPU.Build.0 = Release|Any CPU
		{40EAC28E-4ADE-4ABC-8FC2-7EE4003DB792}.Release|x64.ActiveCfg = Release|Any CPU
		{40EAC28E-4ADE-4ABC-8FC2-7EE4003DB792}.Release|x64.Build.0 = Release|Any CPU
		{40EAC28E-4ADE-4ABC-8FC2-7EE4003DB792}.Release|x86.ActiveCfg = Release|Any CPU
		{40EAC28E-4ADE-4ABC-8FC2-7EE4003DB792}.Release|x86.Build.0 = Release|Any CPU
		{EC8CB2D7-01E0-4527-947B-8994A97387EF}.Debug|Any CPU.ActiveCfg = Debug|Any CPU
		{EC8CB2D7-01E0-4527-947B-8994A97387EF}.Debug|Any CPU.Build.0 = Debug|Any CPU
		{EC8CB2D7-01E0-4527-947B-8994A97387EF}.Debug|x64.ActiveCfg = Debug|Any CPU
		{EC8CB2D7-01E0-4527-947B-8994A97387EF}.Debug|x64.Build.0 = Debug|Any CPU
		{EC8CB2D7-01E0-4527-947B-8994A97387EF}.Debug|x86.ActiveCfg = Debug|Any CPU
		{EC8CB2D7-01E0-4527-947B-8994A97387EF}.Debug|x86.Build.0 = Debug|Any CPU
		{EC8CB2D7-01E0-4527-947B-8994A97387EF}.Release|Any CPU.ActiveCfg = Release|Any CPU
		{EC8CB2D7-01E0-4527-947B-8994A97387EF}.Release|Any CPU.Build.0 = Release|Any CPU
		{EC8CB2D7-01E0-4527-947B-8994A97387EF}.Release|x64.ActiveCfg = Release|Any CPU
		{EC8CB2D7-01E0-4527-947B-8994A97387EF}.Release|x64.Build.0 = Release|Any CPU
		{EC8CB2D7-01E0-4527-947B-8994A97387EF}.Release|x86.ActiveCfg = Release|Any CPU
		{EC8CB2D7-01E0-4527-947B-8994A97387EF}.Release|x86.Build.0 = Release|Any CPU
		{EC0E48D5-81A9-4E49-8EC3-7B115BD4AB9B}.Debug|Any CPU.ActiveCfg = Debug|Any CPU
		{EC0E48D5-81A9-4E49-8EC3-7B115BD4AB9B}.Debug|Any CPU.Build.0 = Debug|Any CPU
		{EC0E48D5-81A9-4E49-8EC3-7B115BD4AB9B}.Debug|x64.ActiveCfg = Debug|Any CPU
		{EC0E48D5-81A9-4E49-8EC3-7B115BD4AB9B}.Debug|x64.Build.0 = Debug|Any CPU
		{EC0E48D5-81A9-4E49-8EC3-7B115BD4AB9B}.Debug|x86.ActiveCfg = Debug|Any CPU
		{EC0E48D5-81A9-4E49-8EC3-7B115BD4AB9B}.Debug|x86.Build.0 = Debug|Any CPU
		{EC0E48D5-81A9-4E49-8EC3-7B115BD4AB9B}.Release|Any CPU.ActiveCfg = Release|Any CPU
		{EC0E48D5-81A9-4E49-8EC3-7B115BD4AB9B}.Release|Any CPU.Build.0 = Release|Any CPU
		{EC0E48D5-81A9-4E49-8EC3-7B115BD4AB9B}.Release|x64.ActiveCfg = Release|Any CPU
		{EC0E48D5-81A9-4E49-8EC3-7B115BD4AB9B}.Release|x64.Build.0 = Release|Any CPU
		{EC0E48D5-81A9-4E49-8EC3-7B115BD4AB9B}.Release|x86.ActiveCfg = Release|Any CPU
		{EC0E48D5-81A9-4E49-8EC3-7B115BD4AB9B}.Release|x86.Build.0 = Release|Any CPU
		{315A89DC-035F-4C56-A326-04C4002446D3}.Debug|Any CPU.ActiveCfg = Debug|Any CPU
		{315A89DC-035F-4C56-A326-04C4002446D3}.Debug|Any CPU.Build.0 = Debug|Any CPU
		{315A89DC-035F-4C56-A326-04C4002446D3}.Debug|x64.ActiveCfg = Debug|Any CPU
		{315A89DC-035F-4C56-A326-04C4002446D3}.Debug|x64.Build.0 = Debug|Any CPU
		{315A89DC-035F-4C56-A326-04C4002446D3}.Debug|x86.ActiveCfg = Debug|Any CPU
		{315A89DC-035F-4C56-A326-04C4002446D3}.Debug|x86.Build.0 = Debug|Any CPU
		{315A89DC-035F-4C56-A326-04C4002446D3}.Release|Any CPU.ActiveCfg = Release|Any CPU
		{315A89DC-035F-4C56-A326-04C4002446D3}.Release|Any CPU.Build.0 = Release|Any CPU
		{315A89DC-035F-4C56-A326-04C4002446D3}.Release|x64.ActiveCfg = Release|Any CPU
		{315A89DC-035F-4C56-A326-04C4002446D3}.Release|x64.Build.0 = Release|Any CPU
		{315A89DC-035F-4C56-A326-04C4002446D3}.Release|x86.ActiveCfg = Release|Any CPU
		{315A89DC-035F-4C56-A326-04C4002446D3}.Release|x86.Build.0 = Release|Any CPU
		{E987E183-B18D-4BC7-A0C6-ACE19BAAEF80}.Debug|Any CPU.ActiveCfg = Debug|Any CPU
		{E987E183-B18D-4BC7-A0C6-ACE19BAAEF80}.Debug|Any CPU.Build.0 = Debug|Any CPU
		{E987E183-B18D-4BC7-A0C6-ACE19BAAEF80}.Debug|x64.ActiveCfg = Debug|Any CPU
		{E987E183-B18D-4BC7-A0C6-ACE19BAAEF80}.Debug|x64.Build.0 = Debug|Any CPU
		{E987E183-B18D-4BC7-A0C6-ACE19BAAEF80}.Debug|x86.ActiveCfg = Debug|Any CPU
		{E987E183-B18D-4BC7-A0C6-ACE19BAAEF80}.Debug|x86.Build.0 = Debug|Any CPU
		{E987E183-B18D-4BC7-A0C6-ACE19BAAEF80}.Release|Any CPU.ActiveCfg = Release|Any CPU
		{E987E183-B18D-4BC7-A0C6-ACE19BAAEF80}.Release|Any CPU.Build.0 = Release|Any CPU
		{E987E183-B18D-4BC7-A0C6-ACE19BAAEF80}.Release|x64.ActiveCfg = Release|Any CPU
		{E987E183-B18D-4BC7-A0C6-ACE19BAAEF80}.Release|x64.Build.0 = Release|Any CPU
		{E987E183-B18D-4BC7-A0C6-ACE19BAAEF80}.Release|x86.ActiveCfg = Release|Any CPU
		{E987E183-B18D-4BC7-A0C6-ACE19BAAEF80}.Release|x86.Build.0 = Release|Any CPU
		{ACD2F08C-9DCA-4F08-9D6E-6EDB1500E2C1}.Debug|Any CPU.ActiveCfg = Debug|Any CPU
		{ACD2F08C-9DCA-4F08-9D6E-6EDB1500E2C1}.Debug|Any CPU.Build.0 = Debug|Any CPU
		{ACD2F08C-9DCA-4F08-9D6E-6EDB1500E2C1}.Debug|x64.ActiveCfg = Debug|Any CPU
		{ACD2F08C-9DCA-4F08-9D6E-6EDB1500E2C1}.Debug|x64.Build.0 = Debug|Any CPU
		{ACD2F08C-9DCA-4F08-9D6E-6EDB1500E2C1}.Debug|x86.ActiveCfg = Debug|Any CPU
		{ACD2F08C-9DCA-4F08-9D6E-6EDB1500E2C1}.Debug|x86.Build.0 = Debug|Any CPU
		{ACD2F08C-9DCA-4F08-9D6E-6EDB1500E2C1}.Release|Any CPU.ActiveCfg = Release|Any CPU
		{ACD2F08C-9DCA-4F08-9D6E-6EDB1500E2C1}.Release|Any CPU.Build.0 = Release|Any CPU
		{ACD2F08C-9DCA-4F08-9D6E-6EDB1500E2C1}.Release|x64.ActiveCfg = Release|Any CPU
		{ACD2F08C-9DCA-4F08-9D6E-6EDB1500E2C1}.Release|x64.Build.0 = Release|Any CPU
		{ACD2F08C-9DCA-4F08-9D6E-6EDB1500E2C1}.Release|x86.ActiveCfg = Release|Any CPU
		{ACD2F08C-9DCA-4F08-9D6E-6EDB1500E2C1}.Release|x86.Build.0 = Release|Any CPU
		{DC9AB2C0-337D-432D-B4B5-BC09CA4F29AE}.Debug|Any CPU.ActiveCfg = Debug|Any CPU
		{DC9AB2C0-337D-432D-B4B5-BC09CA4F29AE}.Debug|Any CPU.Build.0 = Debug|Any CPU
		{DC9AB2C0-337D-432D-B4B5-BC09CA4F29AE}.Debug|x64.ActiveCfg = Debug|Any CPU
		{DC9AB2C0-337D-432D-B4B5-BC09CA4F29AE}.Debug|x64.Build.0 = Debug|Any CPU
		{DC9AB2C0-337D-432D-B4B5-BC09CA4F29AE}.Debug|x86.ActiveCfg = Debug|Any CPU
		{DC9AB2C0-337D-432D-B4B5-BC09CA4F29AE}.Debug|x86.Build.0 = Debug|Any CPU
		{DC9AB2C0-337D-432D-B4B5-BC09CA4F29AE}.Release|Any CPU.ActiveCfg = Release|Any CPU
		{DC9AB2C0-337D-432D-B4B5-BC09CA4F29AE}.Release|Any CPU.Build.0 = Release|Any CPU
		{DC9AB2C0-337D-432D-B4B5-BC09CA4F29AE}.Release|x64.ActiveCfg = Release|Any CPU
		{DC9AB2C0-337D-432D-B4B5-BC09CA4F29AE}.Release|x64.Build.0 = Release|Any CPU
		{DC9AB2C0-337D-432D-B4B5-BC09CA4F29AE}.Release|x86.ActiveCfg = Release|Any CPU
		{DC9AB2C0-337D-432D-B4B5-BC09CA4F29AE}.Release|x86.Build.0 = Release|Any CPU
		{7B1AE220-6D60-494D-9C8A-2A964D908104}.Debug|Any CPU.ActiveCfg = Debug|Any CPU
		{7B1AE220-6D60-494D-9C8A-2A964D908104}.Debug|Any CPU.Build.0 = Debug|Any CPU
		{7B1AE220-6D60-494D-9C8A-2A964D908104}.Debug|x64.ActiveCfg = Debug|Any CPU
		{7B1AE220-6D60-494D-9C8A-2A964D908104}.Debug|x64.Build.0 = Debug|Any CPU
		{7B1AE220-6D60-494D-9C8A-2A964D908104}.Debug|x86.ActiveCfg = Debug|Any CPU
		{7B1AE220-6D60-494D-9C8A-2A964D908104}.Debug|x86.Build.0 = Debug|Any CPU
		{7B1AE220-6D60-494D-9C8A-2A964D908104}.Release|Any CPU.ActiveCfg = Release|Any CPU
		{7B1AE220-6D60-494D-9C8A-2A964D908104}.Release|Any CPU.Build.0 = Release|Any CPU
		{7B1AE220-6D60-494D-9C8A-2A964D908104}.Release|x64.ActiveCfg = Release|Any CPU
		{7B1AE220-6D60-494D-9C8A-2A964D908104}.Release|x64.Build.0 = Release|Any CPU
		{7B1AE220-6D60-494D-9C8A-2A964D908104}.Release|x86.ActiveCfg = Release|Any CPU
		{7B1AE220-6D60-494D-9C8A-2A964D908104}.Release|x86.Build.0 = Release|Any CPU
		{ADFFD72F-C5BD-450C-97F0-3E4B5A849120}.Debug|Any CPU.ActiveCfg = Debug|Any CPU
		{ADFFD72F-C5BD-450C-97F0-3E4B5A849120}.Debug|Any CPU.Build.0 = Debug|Any CPU
		{ADFFD72F-C5BD-450C-97F0-3E4B5A849120}.Debug|x64.ActiveCfg = Debug|Any CPU
		{ADFFD72F-C5BD-450C-97F0-3E4B5A849120}.Debug|x64.Build.0 = Debug|Any CPU
		{ADFFD72F-C5BD-450C-97F0-3E4B5A849120}.Debug|x86.ActiveCfg = Debug|Any CPU
		{ADFFD72F-C5BD-450C-97F0-3E4B5A849120}.Debug|x86.Build.0 = Debug|Any CPU
		{ADFFD72F-C5BD-450C-97F0-3E4B5A849120}.Release|Any CPU.ActiveCfg = Release|Any CPU
		{ADFFD72F-C5BD-450C-97F0-3E4B5A849120}.Release|Any CPU.Build.0 = Release|Any CPU
		{ADFFD72F-C5BD-450C-97F0-3E4B5A849120}.Release|x64.ActiveCfg = Release|Any CPU
		{ADFFD72F-C5BD-450C-97F0-3E4B5A849120}.Release|x64.Build.0 = Release|Any CPU
		{ADFFD72F-C5BD-450C-97F0-3E4B5A849120}.Release|x86.ActiveCfg = Release|Any CPU
		{ADFFD72F-C5BD-450C-97F0-3E4B5A849120}.Release|x86.Build.0 = Release|Any CPU
		{5E9CF6FE-ACB0-490A-A689-38C9C2B1007B}.Debug|Any CPU.ActiveCfg = Debug|Any CPU
		{5E9CF6FE-ACB0-490A-A689-38C9C2B1007B}.Debug|Any CPU.Build.0 = Debug|Any CPU
		{5E9CF6FE-ACB0-490A-A689-38C9C2B1007B}.Debug|x64.ActiveCfg = Debug|Any CPU
		{5E9CF6FE-ACB0-490A-A689-38C9C2B1007B}.Debug|x64.Build.0 = Debug|Any CPU
		{5E9CF6FE-ACB0-490A-A689-38C9C2B1007B}.Debug|x86.ActiveCfg = Debug|Any CPU
		{5E9CF6FE-ACB0-490A-A689-38C9C2B1007B}.Debug|x86.Build.0 = Debug|Any CPU
		{5E9CF6FE-ACB0-490A-A689-38C9C2B1007B}.Release|Any CPU.ActiveCfg = Release|Any CPU
		{5E9CF6FE-ACB0-490A-A689-38C9C2B1007B}.Release|Any CPU.Build.0 = Release|Any CPU
		{5E9CF6FE-ACB0-490A-A689-38C9C2B1007B}.Release|x64.ActiveCfg = Release|Any CPU
		{5E9CF6FE-ACB0-490A-A689-38C9C2B1007B}.Release|x64.Build.0 = Release|Any CPU
		{5E9CF6FE-ACB0-490A-A689-38C9C2B1007B}.Release|x86.ActiveCfg = Release|Any CPU
		{5E9CF6FE-ACB0-490A-A689-38C9C2B1007B}.Release|x86.Build.0 = Release|Any CPU
		{19AB93C7-07E7-4B8D-8BD4-561AF036B719}.Debug|Any CPU.ActiveCfg = Debug|Any CPU
		{19AB93C7-07E7-4B8D-8BD4-561AF036B719}.Debug|Any CPU.Build.0 = Debug|Any CPU
		{19AB93C7-07E7-4B8D-8BD4-561AF036B719}.Debug|x64.ActiveCfg = Debug|Any CPU
		{19AB93C7-07E7-4B8D-8BD4-561AF036B719}.Debug|x64.Build.0 = Debug|Any CPU
		{19AB93C7-07E7-4B8D-8BD4-561AF036B719}.Debug|x86.ActiveCfg = Debug|Any CPU
		{19AB93C7-07E7-4B8D-8BD4-561AF036B719}.Debug|x86.Build.0 = Debug|Any CPU
		{19AB93C7-07E7-4B8D-8BD4-561AF036B719}.Release|Any CPU.ActiveCfg = Release|Any CPU
		{19AB93C7-07E7-4B8D-8BD4-561AF036B719}.Release|Any CPU.Build.0 = Release|Any CPU
		{19AB93C7-07E7-4B8D-8BD4-561AF036B719}.Release|x64.ActiveCfg = Release|Any CPU
		{19AB93C7-07E7-4B8D-8BD4-561AF036B719}.Release|x64.Build.0 = Release|Any CPU
		{19AB93C7-07E7-4B8D-8BD4-561AF036B719}.Release|x86.ActiveCfg = Release|Any CPU
		{19AB93C7-07E7-4B8D-8BD4-561AF036B719}.Release|x86.Build.0 = Release|Any CPU
		{424C1783-984A-4A41-B61C-2DA9809E3CE2}.Debug|Any CPU.ActiveCfg = Debug|Any CPU
		{424C1783-984A-4A41-B61C-2DA9809E3CE2}.Debug|Any CPU.Build.0 = Debug|Any CPU
		{424C1783-984A-4A41-B61C-2DA9809E3CE2}.Debug|x64.ActiveCfg = Debug|Any CPU
		{424C1783-984A-4A41-B61C-2DA9809E3CE2}.Debug|x64.Build.0 = Debug|Any CPU
		{424C1783-984A-4A41-B61C-2DA9809E3CE2}.Debug|x86.ActiveCfg = Debug|Any CPU
		{424C1783-984A-4A41-B61C-2DA9809E3CE2}.Debug|x86.Build.0 = Debug|Any CPU
		{424C1783-984A-4A41-B61C-2DA9809E3CE2}.Release|Any CPU.ActiveCfg = Release|Any CPU
		{424C1783-984A-4A41-B61C-2DA9809E3CE2}.Release|Any CPU.Build.0 = Release|Any CPU
		{424C1783-984A-4A41-B61C-2DA9809E3CE2}.Release|x64.ActiveCfg = Release|Any CPU
		{424C1783-984A-4A41-B61C-2DA9809E3CE2}.Release|x64.Build.0 = Release|Any CPU
		{424C1783-984A-4A41-B61C-2DA9809E3CE2}.Release|x86.ActiveCfg = Release|Any CPU
		{424C1783-984A-4A41-B61C-2DA9809E3CE2}.Release|x86.Build.0 = Release|Any CPU
		{2015FE33-7FCD-4E23-91DC-A34AE387416A}.Debug|Any CPU.ActiveCfg = Debug|Any CPU
		{2015FE33-7FCD-4E23-91DC-A34AE387416A}.Debug|Any CPU.Build.0 = Debug|Any CPU
		{2015FE33-7FCD-4E23-91DC-A34AE387416A}.Debug|x64.ActiveCfg = Debug|Any CPU
		{2015FE33-7FCD-4E23-91DC-A34AE387416A}.Debug|x64.Build.0 = Debug|Any CPU
		{2015FE33-7FCD-4E23-91DC-A34AE387416A}.Debug|x86.ActiveCfg = Debug|Any CPU
		{2015FE33-7FCD-4E23-91DC-A34AE387416A}.Debug|x86.Build.0 = Debug|Any CPU
		{2015FE33-7FCD-4E23-91DC-A34AE387416A}.Release|Any CPU.ActiveCfg = Release|Any CPU
		{2015FE33-7FCD-4E23-91DC-A34AE387416A}.Release|Any CPU.Build.0 = Release|Any CPU
		{2015FE33-7FCD-4E23-91DC-A34AE387416A}.Release|x64.ActiveCfg = Release|Any CPU
		{2015FE33-7FCD-4E23-91DC-A34AE387416A}.Release|x64.Build.0 = Release|Any CPU
		{2015FE33-7FCD-4E23-91DC-A34AE387416A}.Release|x86.ActiveCfg = Release|Any CPU
		{2015FE33-7FCD-4E23-91DC-A34AE387416A}.Release|x86.Build.0 = Release|Any CPU
		{C861C3EE-E7C4-4FA1-9443-ADC3D3C5B559}.Debug|Any CPU.ActiveCfg = Debug|Any CPU
		{C861C3EE-E7C4-4FA1-9443-ADC3D3C5B559}.Debug|Any CPU.Build.0 = Debug|Any CPU
		{C861C3EE-E7C4-4FA1-9443-ADC3D3C5B559}.Debug|x64.ActiveCfg = Debug|Any CPU
		{C861C3EE-E7C4-4FA1-9443-ADC3D3C5B559}.Debug|x64.Build.0 = Debug|Any CPU
		{C861C3EE-E7C4-4FA1-9443-ADC3D3C5B559}.Debug|x86.ActiveCfg = Debug|Any CPU
		{C861C3EE-E7C4-4FA1-9443-ADC3D3C5B559}.Debug|x86.Build.0 = Debug|Any CPU
		{C861C3EE-E7C4-4FA1-9443-ADC3D3C5B559}.Release|Any CPU.ActiveCfg = Release|Any CPU
		{C861C3EE-E7C4-4FA1-9443-ADC3D3C5B559}.Release|Any CPU.Build.0 = Release|Any CPU
		{C861C3EE-E7C4-4FA1-9443-ADC3D3C5B559}.Release|x64.ActiveCfg = Release|Any CPU
		{C861C3EE-E7C4-4FA1-9443-ADC3D3C5B559}.Release|x64.Build.0 = Release|Any CPU
		{C861C3EE-E7C4-4FA1-9443-ADC3D3C5B559}.Release|x86.ActiveCfg = Release|Any CPU
		{C861C3EE-E7C4-4FA1-9443-ADC3D3C5B559}.Release|x86.Build.0 = Release|Any CPU
		{4590FE0F-F2FE-4762-BB99-42B1EF339FB5}.Debug|Any CPU.ActiveCfg = Debug|Any CPU
		{4590FE0F-F2FE-4762-BB99-42B1EF339FB5}.Debug|Any CPU.Build.0 = Debug|Any CPU
		{4590FE0F-F2FE-4762-BB99-42B1EF339FB5}.Debug|x64.ActiveCfg = Debug|Any CPU
		{4590FE0F-F2FE-4762-BB99-42B1EF339FB5}.Debug|x64.Build.0 = Debug|Any CPU
		{4590FE0F-F2FE-4762-BB99-42B1EF339FB5}.Debug|x86.ActiveCfg = Debug|Any CPU
		{4590FE0F-F2FE-4762-BB99-42B1EF339FB5}.Debug|x86.Build.0 = Debug|Any CPU
		{4590FE0F-F2FE-4762-BB99-42B1EF339FB5}.Release|Any CPU.ActiveCfg = Release|Any CPU
		{4590FE0F-F2FE-4762-BB99-42B1EF339FB5}.Release|Any CPU.Build.0 = Release|Any CPU
		{4590FE0F-F2FE-4762-BB99-42B1EF339FB5}.Release|x64.ActiveCfg = Release|Any CPU
		{4590FE0F-F2FE-4762-BB99-42B1EF339FB5}.Release|x64.Build.0 = Release|Any CPU
		{4590FE0F-F2FE-4762-BB99-42B1EF339FB5}.Release|x86.ActiveCfg = Release|Any CPU
		{4590FE0F-F2FE-4762-BB99-42B1EF339FB5}.Release|x86.Build.0 = Release|Any CPU
		{D6E4223E-25ED-4FDE-9A68-2D00A19D41A0}.Debug|Any CPU.ActiveCfg = Debug|Any CPU
		{D6E4223E-25ED-4FDE-9A68-2D00A19D41A0}.Debug|Any CPU.Build.0 = Debug|Any CPU
		{D6E4223E-25ED-4FDE-9A68-2D00A19D41A0}.Debug|x64.ActiveCfg = Debug|Any CPU
		{D6E4223E-25ED-4FDE-9A68-2D00A19D41A0}.Debug|x64.Build.0 = Debug|Any CPU
		{D6E4223E-25ED-4FDE-9A68-2D00A19D41A0}.Debug|x86.ActiveCfg = Debug|Any CPU
		{D6E4223E-25ED-4FDE-9A68-2D00A19D41A0}.Debug|x86.Build.0 = Debug|Any CPU
		{D6E4223E-25ED-4FDE-9A68-2D00A19D41A0}.Release|Any CPU.ActiveCfg = Release|Any CPU
		{D6E4223E-25ED-4FDE-9A68-2D00A19D41A0}.Release|Any CPU.Build.0 = Release|Any CPU
		{D6E4223E-25ED-4FDE-9A68-2D00A19D41A0}.Release|x64.ActiveCfg = Release|Any CPU
		{D6E4223E-25ED-4FDE-9A68-2D00A19D41A0}.Release|x64.Build.0 = Release|Any CPU
		{D6E4223E-25ED-4FDE-9A68-2D00A19D41A0}.Release|x86.ActiveCfg = Release|Any CPU
		{D6E4223E-25ED-4FDE-9A68-2D00A19D41A0}.Release|x86.Build.0 = Release|Any CPU
		{893AE9F4-45C4-44FE-A86F-B4D90E3F3CBD}.Debug|Any CPU.ActiveCfg = Debug|Any CPU
		{893AE9F4-45C4-44FE-A86F-B4D90E3F3CBD}.Debug|Any CPU.Build.0 = Debug|Any CPU
		{893AE9F4-45C4-44FE-A86F-B4D90E3F3CBD}.Debug|x64.ActiveCfg = Debug|Any CPU
		{893AE9F4-45C4-44FE-A86F-B4D90E3F3CBD}.Debug|x64.Build.0 = Debug|Any CPU
		{893AE9F4-45C4-44FE-A86F-B4D90E3F3CBD}.Debug|x86.ActiveCfg = Debug|Any CPU
		{893AE9F4-45C4-44FE-A86F-B4D90E3F3CBD}.Debug|x86.Build.0 = Debug|Any CPU
		{893AE9F4-45C4-44FE-A86F-B4D90E3F3CBD}.Release|Any CPU.ActiveCfg = Release|Any CPU
		{893AE9F4-45C4-44FE-A86F-B4D90E3F3CBD}.Release|Any CPU.Build.0 = Release|Any CPU
		{893AE9F4-45C4-44FE-A86F-B4D90E3F3CBD}.Release|x64.ActiveCfg = Release|Any CPU
		{893AE9F4-45C4-44FE-A86F-B4D90E3F3CBD}.Release|x64.Build.0 = Release|Any CPU
		{893AE9F4-45C4-44FE-A86F-B4D90E3F3CBD}.Release|x86.ActiveCfg = Release|Any CPU
		{893AE9F4-45C4-44FE-A86F-B4D90E3F3CBD}.Release|x86.Build.0 = Release|Any CPU
		{BBB45586-9156-4EEC-82EF-300EAF58F3C2}.Debug|Any CPU.ActiveCfg = Debug|Any CPU
		{BBB45586-9156-4EEC-82EF-300EAF58F3C2}.Debug|Any CPU.Build.0 = Debug|Any CPU
		{BBB45586-9156-4EEC-82EF-300EAF58F3C2}.Debug|x64.ActiveCfg = Debug|Any CPU
		{BBB45586-9156-4EEC-82EF-300EAF58F3C2}.Debug|x64.Build.0 = Debug|Any CPU
		{BBB45586-9156-4EEC-82EF-300EAF58F3C2}.Debug|x86.ActiveCfg = Debug|Any CPU
		{BBB45586-9156-4EEC-82EF-300EAF58F3C2}.Debug|x86.Build.0 = Debug|Any CPU
		{BBB45586-9156-4EEC-82EF-300EAF58F3C2}.Release|Any CPU.ActiveCfg = Release|Any CPU
		{BBB45586-9156-4EEC-82EF-300EAF58F3C2}.Release|Any CPU.Build.0 = Release|Any CPU
		{BBB45586-9156-4EEC-82EF-300EAF58F3C2}.Release|x64.ActiveCfg = Release|Any CPU
		{BBB45586-9156-4EEC-82EF-300EAF58F3C2}.Release|x64.Build.0 = Release|Any CPU
		{BBB45586-9156-4EEC-82EF-300EAF58F3C2}.Release|x86.ActiveCfg = Release|Any CPU
		{BBB45586-9156-4EEC-82EF-300EAF58F3C2}.Release|x86.Build.0 = Release|Any CPU
		{3430C6AE-C097-4596-82E3-48380D039FA4}.Debug|Any CPU.ActiveCfg = Debug|Any CPU
		{3430C6AE-C097-4596-82E3-48380D039FA4}.Debug|Any CPU.Build.0 = Debug|Any CPU
		{3430C6AE-C097-4596-82E3-48380D039FA4}.Debug|x64.ActiveCfg = Debug|Any CPU
		{3430C6AE-C097-4596-82E3-48380D039FA4}.Debug|x64.Build.0 = Debug|Any CPU
		{3430C6AE-C097-4596-82E3-48380D039FA4}.Debug|x86.ActiveCfg = Debug|Any CPU
		{3430C6AE-C097-4596-82E3-48380D039FA4}.Debug|x86.Build.0 = Debug|Any CPU
		{3430C6AE-C097-4596-82E3-48380D039FA4}.Release|Any CPU.ActiveCfg = Release|Any CPU
		{3430C6AE-C097-4596-82E3-48380D039FA4}.Release|Any CPU.Build.0 = Release|Any CPU
		{3430C6AE-C097-4596-82E3-48380D039FA4}.Release|x64.ActiveCfg = Release|Any CPU
		{3430C6AE-C097-4596-82E3-48380D039FA4}.Release|x64.Build.0 = Release|Any CPU
		{3430C6AE-C097-4596-82E3-48380D039FA4}.Release|x86.ActiveCfg = Release|Any CPU
		{3430C6AE-C097-4596-82E3-48380D039FA4}.Release|x86.Build.0 = Release|Any CPU
	EndGlobalSection
	GlobalSection(SolutionProperties) = preSolution
		HideSolutionNode = FALSE
	EndGlobalSection
	GlobalSection(NestedProjects) = preSolution
		{DFE2D205-4B84-4CBE-A6D7-A790E04DB248} = {827E0CD3-B72D-47B6-A68D-7590B98EB39B}
		{1BD9540A-5FB9-4BFE-BA90-1E7BA56F91B6} = {827E0CD3-B72D-47B6-A68D-7590B98EB39B}
		{9E445C16-C42E-412B-8D95-712828BBD354} = {827E0CD3-B72D-47B6-A68D-7590B98EB39B}
		{E25B6AED-4992-490C-97EB-6C1FF2FB394D} = {827E0CD3-B72D-47B6-A68D-7590B98EB39B}
		{839C930F-D6DE-4845-9E4B-9E1A1B797897} = {827E0CD3-B72D-47B6-A68D-7590B98EB39B}
		{D9886DA4-86D4-43CD-8C54-20F426757A4D} = {827E0CD3-B72D-47B6-A68D-7590B98EB39B}
		{9829C9A7-7F68-4A07-8774-D9F2EC9B482A} = {827E0CD3-B72D-47B6-A68D-7590B98EB39B}
		{1A38459D-5F1F-41A3-BD02-DEA3008D31C7} = {827E0CD3-B72D-47B6-A68D-7590B98EB39B}
		{1C70505A-8208-4563-BC84-6B91D70AF97B} = {827E0CD3-B72D-47B6-A68D-7590B98EB39B}
		{A1A0626A-25A3-428E-B6F2-99E7996E7A3A} = {827E0CD3-B72D-47B6-A68D-7590B98EB39B}
		{0D197006-135B-465A-A94F-84E0AC816438} = {827E0CD3-B72D-47B6-A68D-7590B98EB39B}
		{065DCA00-FFBC-4EDD-B31A-6B7424ED634F} = {827E0CD3-B72D-47B6-A68D-7590B98EB39B}
		{CC83A867-9FE4-4161-BE24-BC7614F87D7F} = {827E0CD3-B72D-47B6-A68D-7590B98EB39B}
		{8557F7CA-CA8F-4964-80E6-F1BBA42E85D2} = {827E0CD3-B72D-47B6-A68D-7590B98EB39B}
		{40EAC28E-4ADE-4ABC-8FC2-7EE4003DB792} = {827E0CD3-B72D-47B6-A68D-7590B98EB39B}
		{EC8CB2D7-01E0-4527-947B-8994A97387EF} = {827E0CD3-B72D-47B6-A68D-7590B98EB39B}
		{EC0E48D5-81A9-4E49-8EC3-7B115BD4AB9B} = {827E0CD3-B72D-47B6-A68D-7590B98EB39B}
		{315A89DC-035F-4C56-A326-04C4002446D3} = {827E0CD3-B72D-47B6-A68D-7590B98EB39B}
		{E987E183-B18D-4BC7-A0C6-ACE19BAAEF80} = {827E0CD3-B72D-47B6-A68D-7590B98EB39B}
		{ACD2F08C-9DCA-4F08-9D6E-6EDB1500E2C1} = {827E0CD3-B72D-47B6-A68D-7590B98EB39B}
		{DC9AB2C0-337D-432D-B4B5-BC09CA4F29AE} = {827E0CD3-B72D-47B6-A68D-7590B98EB39B}
		{7B1AE220-6D60-494D-9C8A-2A964D908104} = {827E0CD3-B72D-47B6-A68D-7590B98EB39B}
		{ADFFD72F-C5BD-450C-97F0-3E4B5A849120} = {827E0CD3-B72D-47B6-A68D-7590B98EB39B}
		{5E9CF6FE-ACB0-490A-A689-38C9C2B1007B} = {827E0CD3-B72D-47B6-A68D-7590B98EB39B}
		{19AB93C7-07E7-4B8D-8BD4-561AF036B719} = {827E0CD3-B72D-47B6-A68D-7590B98EB39B}
		{424C1783-984A-4A41-B61C-2DA9809E3CE2} = {827E0CD3-B72D-47B6-A68D-7590B98EB39B}
		{2015FE33-7FCD-4E23-91DC-A34AE387416A} = {07C2787E-EAC7-C090-1BA3-A61EC2A24D84}
		{C861C3EE-E7C4-4FA1-9443-ADC3D3C5B559} = {827E0CD3-B72D-47B6-A68D-7590B98EB39B}
		{4590FE0F-F2FE-4762-BB99-42B1EF339FB5} = {827E0CD3-B72D-47B6-A68D-7590B98EB39B}
		{D6E4223E-25ED-4FDE-9A68-2D00A19D41A0} = {827E0CD3-B72D-47B6-A68D-7590B98EB39B}
		{893AE9F4-45C4-44FE-A86F-B4D90E3F3CBD} = {827E0CD3-B72D-47B6-A68D-7590B98EB39B}
		{BBB45586-9156-4EEC-82EF-300EAF58F3C2} = {827E0CD3-B72D-47B6-A68D-7590B98EB39B}
		{3430C6AE-C097-4596-82E3-48380D039FA4} = {827E0CD3-B72D-47B6-A68D-7590B98EB39B}
	EndGlobalSection
EndGlobal
